// !$*UTF8*$!
{
	archiveVersion = 1;
	classes = {
	};
	objectVersion = 46;
	objects = {

/* Begin PBXBuildFile section */
		5849C78B201E2F2D00FA6E9E /* Constants.swift in Sources */ = {isa = PBXBuildFile; fileRef = 5849C78A201E2F2D00FA6E9E /* Constants.swift */; };
		5849C78D201E326100FA6E9E /* CurrentWeather.swift in Sources */ = {isa = PBXBuildFile; fileRef = 5849C78C201E326100FA6E9E /* CurrentWeather.swift */; };
		5849C7D7201E735100FA6E9E /* Forecast.swift in Sources */ = {isa = PBXBuildFile; fileRef = 5849C7D6201E735100FA6E9E /* Forecast.swift */; };
		58FF363D2019FA63000D57A6 /* AppDelegate.swift in Sources */ = {isa = PBXBuildFile; fileRef = 58FF363C2019FA63000D57A6 /* AppDelegate.swift */; };
		58FF363F2019FA63000D57A6 /* WeatherVC.swift in Sources */ = {isa = PBXBuildFile; fileRef = 58FF363E2019FA63000D57A6 /* WeatherVC.swift */; };
		58FF36422019FA63000D57A6 /* Main.storyboard in Resources */ = {isa = PBXBuildFile; fileRef = 58FF36402019FA63000D57A6 /* Main.storyboard */; };
		58FF36442019FA63000D57A6 /* Assets.xcassets in Resources */ = {isa = PBXBuildFile; fileRef = 58FF36432019FA63000D57A6 /* Assets.xcassets */; };
		58FF36472019FA63000D57A6 /* LaunchScreen.storyboard in Resources */ = {isa = PBXBuildFile; fileRef = 58FF36452019FA63000D57A6 /* LaunchScreen.storyboard */; };
		58FF36522019FA64000D57A6 /* SunnyDayTests.swift in Sources */ = {isa = PBXBuildFile; fileRef = 58FF36512019FA64000D57A6 /* SunnyDayTests.swift */; };
		58FF365D2019FA64000D57A6 /* SunnyDayUITests.swift in Sources */ = {isa = PBXBuildFile; fileRef = 58FF365C2019FA64000D57A6 /* SunnyDayUITests.swift */; };
		F4791FE342D9862B4DCD3C93 /* Pods_SunnyDay.framework in Frameworks */ = {isa = PBXBuildFile; fileRef = 3BD6AA4A5C288D633137BA12 /* Pods_SunnyDay.framework */; };
/* End PBXBuildFile section */

/* Begin PBXContainerItemProxy section */
		58FF364E2019FA64000D57A6 /* PBXContainerItemProxy */ = {
			isa = PBXContainerItemProxy;
			containerPortal = 58FF36312019FA63000D57A6 /* Project object */;
			proxyType = 1;
			remoteGlobalIDString = 58FF36382019FA63000D57A6;
			remoteInfo = SunnyDay;
		};
		58FF36592019FA64000D57A6 /* PBXContainerItemProxy */ = {
			isa = PBXContainerItemProxy;
			containerPortal = 58FF36312019FA63000D57A6 /* Project object */;
			proxyType = 1;
			remoteGlobalIDString = 58FF36382019FA63000D57A6;
			remoteInfo = SunnyDay;
		};
/* End PBXContainerItemProxy section */

/* Begin PBXFileReference section */
		31703C54D1A47E854D0A1E0A /* Pods-SunnyDay.release.xcconfig */ = {isa = PBXFileReference; includeInIndex = 1; lastKnownFileType = text.xcconfig; name = "Pods-SunnyDay.release.xcconfig"; path = "Pods/Target Support Files/Pods-SunnyDay/Pods-SunnyDay.release.xcconfig"; sourceTree = "<group>"; };
		3BD6AA4A5C288D633137BA12 /* Pods_SunnyDay.framework */ = {isa = PBXFileReference; explicitFileType = wrapper.framework; includeInIndex = 0; path = Pods_SunnyDay.framework; sourceTree = BUILT_PRODUCTS_DIR; };
		5849C78A201E2F2D00FA6E9E /* Constants.swift */ = {isa = PBXFileReference; fileEncoding = 4; lastKnownFileType = sourcecode.swift; path = Constants.swift; sourceTree = "<group>"; };
		5849C78C201E326100FA6E9E /* CurrentWeather.swift */ = {isa = PBXFileReference; fileEncoding = 4; lastKnownFileType = sourcecode.swift; path = CurrentWeather.swift; sourceTree = "<group>"; };
		5849C7D6201E735100FA6E9E /* Forecast.swift */ = {isa = PBXFileReference; fileEncoding = 4; lastKnownFileType = sourcecode.swift; path = Forecast.swift; sourceTree = "<group>"; };
		58FF36392019FA63000D57A6 /* SunnyDay.app */ = {isa = PBXFileReference; explicitFileType = wrapper.application; includeInIndex = 0; path = SunnyDay.app; sourceTree = BUILT_PRODUCTS_DIR; };
		58FF363C2019FA63000D57A6 /* AppDelegate.swift */ = {isa = PBXFileReference; lastKnownFileType = sourcecode.swift; path = AppDelegate.swift; sourceTree = "<group>"; };
		58FF363E2019FA63000D57A6 /* WeatherVC.swift */ = {isa = PBXFileReference; lastKnownFileType = sourcecode.swift; path = WeatherVC.swift; sourceTree = "<group>"; };
		58FF36412019FA63000D57A6 /* Base */ = {isa = PBXFileReference; lastKnownFileType = file.storyboard; name = Base; path = Base.lproj/Main.storyboard; sourceTree = "<group>"; };
		58FF36432019FA63000D57A6 /* Assets.xcassets */ = {isa = PBXFileReference; lastKnownFileType = folder.assetcatalog; path = Assets.xcassets; sourceTree = "<group>"; };
		58FF36462019FA63000D57A6 /* Base */ = {isa = PBXFileReference; lastKnownFileType = file.storyboard; name = Base; path = Base.lproj/LaunchScreen.storyboard; sourceTree = "<group>"; };
		58FF36482019FA63000D57A6 /* Info.plist */ = {isa = PBXFileReference; lastKnownFileType = text.plist.xml; path = Info.plist; sourceTree = "<group>"; };
		58FF364D2019FA64000D57A6 /* SunnyDayTests.xctest */ = {isa = PBXFileReference; explicitFileType = wrapper.cfbundle; includeInIndex = 0; path = SunnyDayTests.xctest; sourceTree = BUILT_PRODUCTS_DIR; };
		58FF36512019FA64000D57A6 /* SunnyDayTests.swift */ = {isa = PBXFileReference; lastKnownFileType = sourcecode.swift; path = SunnyDayTests.swift; sourceTree = "<group>"; };
		58FF36532019FA64000D57A6 /* Info.plist */ = {isa = PBXFileReference; lastKnownFileType = text.plist.xml; path = Info.plist; sourceTree = "<group>"; };
		58FF36582019FA64000D57A6 /* SunnyDayUITests.xctest */ = {isa = PBXFileReference; explicitFileType = wrapper.cfbundle; includeInIndex = 0; path = SunnyDayUITests.xctest; sourceTree = BUILT_PRODUCTS_DIR; };
		58FF365C2019FA64000D57A6 /* SunnyDayUITests.swift */ = {isa = PBXFileReference; lastKnownFileType = sourcecode.swift; path = SunnyDayUITests.swift; sourceTree = "<group>"; };
		58FF365E2019FA64000D57A6 /* Info.plist */ = {isa = PBXFileReference; lastKnownFileType = text.plist.xml; path = Info.plist; sourceTree = "<group>"; };
		94522D1FAECC538860523601 /* Pods-SunnyDay.debug.xcconfig */ = {isa = PBXFileReference; includeInIndex = 1; lastKnownFileType = text.xcconfig; name = "Pods-SunnyDay.debug.xcconfig"; path = "Pods/Target Support Files/Pods-SunnyDay/Pods-SunnyDay.debug.xcconfig"; sourceTree = "<group>"; };
/* End PBXFileReference section */

/* Begin PBXFrameworksBuildPhase section */
		58FF36362019FA63000D57A6 /* Frameworks */ = {
			isa = PBXFrameworksBuildPhase;
			buildActionMask = 2147483647;
			files = (
				F4791FE342D9862B4DCD3C93 /* Pods_SunnyDay.framework in Frameworks */,
			);
			runOnlyForDeploymentPostprocessing = 0;
		};
		58FF364A2019FA64000D57A6 /* Frameworks */ = {
			isa = PBXFrameworksBuildPhase;
			buildActionMask = 2147483647;
			files = (
			);
			runOnlyForDeploymentPostprocessing = 0;
		};
		58FF36552019FA64000D57A6 /* Frameworks */ = {
			isa = PBXFrameworksBuildPhase;
			buildActionMask = 2147483647;
			files = (
			);
			runOnlyForDeploymentPostprocessing = 0;
		};
/* End PBXFrameworksBuildPhase section */

/* Begin PBXGroup section */
		257BEA6688F47C1465988162 /* Pods */ = {
			isa = PBXGroup;
			children = (
				94522D1FAECC538860523601 /* Pods-SunnyDay.debug.xcconfig */,
				31703C54D1A47E854D0A1E0A /* Pods-SunnyDay.release.xcconfig */,
			);
			name = Pods;
			sourceTree = "<group>";
		};
		58FF36302019FA63000D57A6 = {
			isa = PBXGroup;
			children = (
				58FF363B2019FA63000D57A6 /* SunnyDay */,
				58FF36502019FA64000D57A6 /* SunnyDayTests */,
				58FF365B2019FA64000D57A6 /* SunnyDayUITests */,
				58FF363A2019FA63000D57A6 /* Products */,
				257BEA6688F47C1465988162 /* Pods */,
				FED7EFDDA6FD51B5E74A3194 /* Frameworks */,
			);
			sourceTree = "<group>";
		};
		58FF363A2019FA63000D57A6 /* Products */ = {
			isa = PBXGroup;
			children = (
				58FF36392019FA63000D57A6 /* SunnyDay.app */,
				58FF364D2019FA64000D57A6 /* SunnyDayTests.xctest */,
				58FF36582019FA64000D57A6 /* SunnyDayUITests.xctest */,
			);
			name = Products;
			sourceTree = "<group>";
		};
		58FF363B2019FA63000D57A6 /* SunnyDay */ = {
			isa = PBXGroup;
			children = (
				58FF363C2019FA63000D57A6 /* AppDelegate.swift */,
				58FF363E2019FA63000D57A6 /* WeatherVC.swift */,
				58FF36402019FA63000D57A6 /* Main.storyboard */,
				58FF36432019FA63000D57A6 /* Assets.xcassets */,
				58FF36452019FA63000D57A6 /* LaunchScreen.storyboard */,
				58FF36482019FA63000D57A6 /* Info.plist */,
				5849C78A201E2F2D00FA6E9E /* Constants.swift */,
				5849C78C201E326100FA6E9E /* CurrentWeather.swift */,
				5849C7D6201E735100FA6E9E /* Forecast.swift */,
			);
			path = SunnyDay;
			sourceTree = "<group>";
		};
		58FF36502019FA64000D57A6 /* SunnyDayTests */ = {
			isa = PBXGroup;
			children = (
				58FF36512019FA64000D57A6 /* SunnyDayTests.swift */,
				58FF36532019FA64000D57A6 /* Info.plist */,
			);
			path = SunnyDayTests;
			sourceTree = "<group>";
		};
		58FF365B2019FA64000D57A6 /* SunnyDayUITests */ = {
			isa = PBXGroup;
			children = (
				58FF365C2019FA64000D57A6 /* SunnyDayUITests.swift */,
				58FF365E2019FA64000D57A6 /* Info.plist */,
			);
			path = SunnyDayUITests;
			sourceTree = "<group>";
		};
		FED7EFDDA6FD51B5E74A3194 /* Frameworks */ = {
			isa = PBXGroup;
			children = (
				3BD6AA4A5C288D633137BA12 /* Pods_SunnyDay.framework */,
			);
			name = Frameworks;
			sourceTree = "<group>";
		};
/* End PBXGroup section */

/* Begin PBXNativeTarget section */
		58FF36382019FA63000D57A6 /* SunnyDay */ = {
			isa = PBXNativeTarget;
			buildConfigurationList = 58FF36612019FA64000D57A6 /* Build configuration list for PBXNativeTarget "SunnyDay" */;
			buildPhases = (
				B731FF5A8AD8B0C7DF3EB254 /* [CP] Check Pods Manifest.lock */,
				58FF36352019FA63000D57A6 /* Sources */,
				58FF36362019FA63000D57A6 /* Frameworks */,
				58FF36372019FA63000D57A6 /* Resources */,
				3B92D7F295F018706DA0566E /* [CP] Embed Pods Frameworks */,
				0059A89DFD5EB9C1BC3D3177 /* [CP] Copy Pods Resources */,
			);
			buildRules = (
			);
			dependencies = (
			);
			name = SunnyDay;
			productName = SunnyDay;
			productReference = 58FF36392019FA63000D57A6 /* SunnyDay.app */;
			productType = "com.apple.product-type.application";
		};
		58FF364C2019FA64000D57A6 /* SunnyDayTests */ = {
			isa = PBXNativeTarget;
			buildConfigurationList = 58FF36642019FA64000D57A6 /* Build configuration list for PBXNativeTarget "SunnyDayTests" */;
			buildPhases = (
				58FF36492019FA64000D57A6 /* Sources */,
				58FF364A2019FA64000D57A6 /* Frameworks */,
				58FF364B2019FA64000D57A6 /* Resources */,
			);
			buildRules = (
			);
			dependencies = (
				58FF364F2019FA64000D57A6 /* PBXTargetDependency */,
			);
			name = SunnyDayTests;
			productName = SunnyDayTests;
			productReference = 58FF364D2019FA64000D57A6 /* SunnyDayTests.xctest */;
			productType = "com.apple.product-type.bundle.unit-test";
		};
		58FF36572019FA64000D57A6 /* SunnyDayUITests */ = {
			isa = PBXNativeTarget;
			buildConfigurationList = 58FF36672019FA64000D57A6 /* Build configuration list for PBXNativeTarget "SunnyDayUITests" */;
			buildPhases = (
				58FF36542019FA64000D57A6 /* Sources */,
				58FF36552019FA64000D57A6 /* Frameworks */,
				58FF36562019FA64000D57A6 /* Resources */,
			);
			buildRules = (
			);
			dependencies = (
				58FF365A2019FA64000D57A6 /* PBXTargetDependency */,
			);
			name = SunnyDayUITests;
			productName = SunnyDayUITests;
			productReference = 58FF36582019FA64000D57A6 /* SunnyDayUITests.xctest */;
			productType = "com.apple.product-type.bundle.ui-testing";
		};
/* End PBXNativeTarget section */

/* Begin PBXProject section */
		58FF36312019FA63000D57A6 /* Project object */ = {
			isa = PBXProject;
			attributes = {
				LastSwiftUpdateCheck = 0830;
				LastUpgradeCheck = 0830;
				ORGANIZATIONNAME = "Achim Munene";
				TargetAttributes = {
					58FF36382019FA63000D57A6 = {
						CreatedOnToolsVersion = 8.3.3;
						DevelopmentTeam = 8PB75F3VS7;
						ProvisioningStyle = Automatic;
					};
					58FF364C2019FA64000D57A6 = {
						CreatedOnToolsVersion = 8.3.3;
						DevelopmentTeam = 8PB75F3VS7;
						ProvisioningStyle = Automatic;
						TestTargetID = 58FF36382019FA63000D57A6;
					};
					58FF36572019FA64000D57A6 = {
						CreatedOnToolsVersion = 8.3.3;
						DevelopmentTeam = 8PB75F3VS7;
						ProvisioningStyle = Automatic;
						TestTargetID = 58FF36382019FA63000D57A6;
					};
				};
			};
			buildConfigurationList = 58FF36342019FA63000D57A6 /* Build configuration list for PBXProject "SunnyDay" */;
			compatibilityVersion = "Xcode 3.2";
			developmentRegion = English;
			hasScannedForEncodings = 0;
			knownRegions = (
				en,
				Base,
			);
			mainGroup = 58FF36302019FA63000D57A6;
			productRefGroup = 58FF363A2019FA63000D57A6 /* Products */;
			projectDirPath = "";
			projectRoot = "";
			targets = (
				58FF36382019FA63000D57A6 /* SunnyDay */,
				58FF364C2019FA64000D57A6 /* SunnyDayTests */,
				58FF36572019FA64000D57A6 /* SunnyDayUITests */,
			);
		};
/* End PBXProject section */

/* Begin PBXResourcesBuildPhase section */
		58FF36372019FA63000D57A6 /* Resources */ = {
			isa = PBXResourcesBuildPhase;
			buildActionMask = 2147483647;
			files = (
				58FF36472019FA63000D57A6 /* LaunchScreen.storyboard in Resources */,
				58FF36442019FA63000D57A6 /* Assets.xcassets in Resources */,
				58FF36422019FA63000D57A6 /* Main.storyboard in Resources */,
			);
			runOnlyForDeploymentPostprocessing = 0;
		};
		58FF364B2019FA64000D57A6 /* Resources */ = {
			isa = PBXResourcesBuildPhase;
			buildActionMask = 2147483647;
			files = (
			);
			runOnlyForDeploymentPostprocessing = 0;
		};
		58FF36562019FA64000D57A6 /* Resources */ = {
			isa = PBXResourcesBuildPhase;
			buildActionMask = 2147483647;
			files = (
			);
			runOnlyForDeploymentPostprocessing = 0;
		};
/* End PBXResourcesBuildPhase section */

/* Begin PBXShellScriptBuildPhase section */
		0059A89DFD5EB9C1BC3D3177 /* [CP] Copy Pods Resources */ = {
			isa = PBXShellScriptBuildPhase;
			buildActionMask = 2147483647;
			files = (
			);
			inputPaths = (
			);
			name = "[CP] Copy Pods Resources";
			outputPaths = (
			);
			runOnlyForDeploymentPostprocessing = 0;
			shellPath = /bin/sh;
			shellScript = "\"${SRCROOT}/Pods/Target Support Files/Pods-SunnyDay/Pods-SunnyDay-resources.sh\"\n";
			showEnvVarsInLog = 0;
		};
		3B92D7F295F018706DA0566E /* [CP] Embed Pods Frameworks */ = {
			isa = PBXShellScriptBuildPhase;
			buildActionMask = 2147483647;
			files = (
			);
			inputPaths = (
				"${SRCROOT}/Pods/Target Support Files/Pods-SunnyDay/Pods-SunnyDay-frameworks.sh",
				"${BUILT_PRODUCTS_DIR}/Alamofire/Alamofire.framework",
			);
			name = "[CP] Embed Pods Frameworks";
			outputPaths = (
				"${TARGET_BUILD_DIR}/${FRAMEWORKS_FOLDER_PATH}/Alamofire.framework",
			);
			runOnlyForDeploymentPostprocessing = 0;
			shellPath = /bin/sh;
			shellScript = "\"${SRCROOT}/Pods/Target Support Files/Pods-SunnyDay/Pods-SunnyDay-frameworks.sh\"\n";
			showEnvVarsInLog = 0;
		};
		B731FF5A8AD8B0C7DF3EB254 /* [CP] Check Pods Manifest.lock */ = {
			isa = PBXShellScriptBuildPhase;
			buildActionMask = 2147483647;
			files = (
			);
			inputPaths = (
				"${PODS_PODFILE_DIR_PATH}/Podfile.lock",
				"${PODS_ROOT}/Manifest.lock",
			);
			name = "[CP] Check Pods Manifest.lock";
			outputPaths = (
				"$(DERIVED_FILE_DIR)/Pods-SunnyDay-checkManifestLockResult.txt",
			);
			runOnlyForDeploymentPostprocessing = 0;
			shellPath = /bin/sh;
			shellScript = "diff \"${PODS_PODFILE_DIR_PATH}/Podfile.lock\" \"${PODS_ROOT}/Manifest.lock\" > /dev/null\nif [ $? != 0 ] ; then\n    # print error to STDERR\n    echo \"error: The sandbox is not in sync with the Podfile.lock. Run 'pod install' or update your CocoaPods installation.\" >&2\n    exit 1\nfi\n# This output is used by Xcode 'outputs' to avoid re-running this script phase.\necho \"SUCCESS\" > \"${SCRIPT_OUTPUT_FILE_0}\"\n";
			showEnvVarsInLog = 0;
		};
/* End PBXShellScriptBuildPhase section */

/* Begin PBXSourcesBuildPhase section */
		58FF36352019FA63000D57A6 /* Sources */ = {
			isa = PBXSourcesBuildPhase;
			buildActionMask = 2147483647;
			files = (
				58FF363F2019FA63000D57A6 /* WeatherVC.swift in Sources */,
				58FF363D2019FA63000D57A6 /* AppDelegate.swift in Sources */,
				5849C78D201E326100FA6E9E /* CurrentWeather.swift in Sources */,
				5849C78B201E2F2D00FA6E9E /* Constants.swift in Sources */,
				5849C7D7201E735100FA6E9E /* Forecast.swift in Sources */,
			);
			runOnlyForDeploymentPostprocessing = 0;
		};
		58FF36492019FA64000D57A6 /* Sources */ = {
			isa = PBXSourcesBuildPhase;
			buildActionMask = 2147483647;
			files = (
				58FF36522019FA64000D57A6 /* SunnyDayTests.swift in Sources */,
			);
			runOnlyForDeploymentPostprocessing = 0;
		};
		58FF36542019FA64000D57A6 /* Sources */ = {
			isa = PBXSourcesBuildPhase;
			buildActionMask = 2147483647;
			files = (
				58FF365D2019FA64000D57A6 /* SunnyDayUITests.swift in Sources */,
			);
			runOnlyForDeploymentPostprocessing = 0;
		};
/* End PBXSourcesBuildPhase section */

/* Begin PBXTargetDependency section */
		58FF364F2019FA64000D57A6 /* PBXTargetDependency */ = {
			isa = PBXTargetDependency;
			target = 58FF36382019FA63000D57A6 /* SunnyDay */;
			targetProxy = 58FF364E2019FA64000D57A6 /* PBXContainerItemProxy */;
		};
		58FF365A2019FA64000D57A6 /* PBXTargetDependency */ = {
			isa = PBXTargetDependency;
			target = 58FF36382019FA63000D57A6 /* SunnyDay */;
			targetProxy = 58FF36592019FA64000D57A6 /* PBXContainerItemProxy */;
		};
/* End PBXTargetDependency section */

/* Begin PBXVariantGroup section */
		58FF36402019FA63000D57A6 /* Main.storyboard */ = {
			isa = PBXVariantGroup;
			children = (
				58FF36412019FA63000D57A6 /* Base */,
			);
			name = Main.storyboard;
			sourceTree = "<group>";
		};
		58FF36452019FA63000D57A6 /* LaunchScreen.storyboard */ = {
			isa = PBXVariantGroup;
			children = (
				58FF36462019FA63000D57A6 /* Base */,
			);
			name = LaunchScreen.storyboard;
			sourceTree = "<group>";
		};
/* End PBXVariantGroup section */

/* Begin XCBuildConfiguration section */
		58FF365F2019FA64000D57A6 /* Debug */ = {
			isa = XCBuildConfiguration;
			buildSettings = {
				ALWAYS_SEARCH_USER_PATHS = NO;
				CLANG_ANALYZER_NONNULL = YES;
				CLANG_ANALYZER_NUMBER_OBJECT_CONVERSION = YES_AGGRESSIVE;
				CLANG_CXX_LANGUAGE_STANDARD = "gnu++0x";
				CLANG_CXX_LIBRARY = "libc++";
				CLANG_ENABLE_MODULES = YES;
				CLANG_ENABLE_OBJC_ARC = YES;
				CLANG_WARN_BOOL_CONVERSION = YES;
				CLANG_WARN_CONSTANT_CONVERSION = YES;
				CLANG_WARN_DIRECT_OBJC_ISA_USAGE = YES_ERROR;
				CLANG_WARN_DOCUMENTATION_COMMENTS = YES;
				CLANG_WARN_EMPTY_BODY = YES;
				CLANG_WARN_ENUM_CONVERSION = YES;
				CLANG_WARN_INFINITE_RECURSION = YES;
				CLANG_WARN_INT_CONVERSION = YES;
				CLANG_WARN_OBJC_ROOT_CLASS = YES_ERROR;
				CLANG_WARN_SUSPICIOUS_MOVE = YES;
				CLANG_WARN_UNREACHABLE_CODE = YES;
				CLANG_WARN__DUPLICATE_METHOD_MATCH = YES;
				"CODE_SIGN_IDENTITY[sdk=iphoneos*]" = "iPhone Developer";
				COPY_PHASE_STRIP = NO;
				DEBUG_INFORMATION_FORMAT = dwarf;
				ENABLE_STRICT_OBJC_MSGSEND = YES;
				ENABLE_TESTABILITY = YES;
				GCC_C_LANGUAGE_STANDARD = gnu99;
				GCC_DYNAMIC_NO_PIC = NO;
				GCC_NO_COMMON_BLOCKS = YES;
				GCC_OPTIMIZATION_LEVEL = 0;
				GCC_PREPROCESSOR_DEFINITIONS = (
					"DEBUG=1",
					"$(inherited)",
				);
				GCC_WARN_64_TO_32_BIT_CONVERSION = YES;
				GCC_WARN_ABOUT_RETURN_TYPE = YES_ERROR;
				GCC_WARN_UNDECLARED_SELECTOR = YES;
				GCC_WARN_UNINITIALIZED_AUTOS = YES_AGGRESSIVE;
				GCC_WARN_UNUSED_FUNCTION = YES;
				GCC_WARN_UNUSED_VARIABLE = YES;
				IPHONEOS_DEPLOYMENT_TARGET = 10.3;
				MTL_ENABLE_DEBUG_INFO = YES;
				ONLY_ACTIVE_ARCH = YES;
				SDKROOT = iphoneos;
				SWIFT_ACTIVE_COMPILATION_CONDITIONS = DEBUG;
				SWIFT_OPTIMIZATION_LEVEL = "-Onone";
			};
			name = Debug;
		};
		58FF36602019FA64000D57A6 /* Release */ = {
			isa = XCBuildConfiguration;
			buildSettings = {
				ALWAYS_SEARCH_USER_PATHS = NO;
				CLANG_ANALYZER_NONNULL = YES;
				CLANG_ANALYZER_NUMBER_OBJECT_CONVERSION = YES_AGGRESSIVE;
				CLANG_CXX_LANGUAGE_STANDARD = "gnu++0x";
				CLANG_CXX_LIBRARY = "libc++";
				CLANG_ENABLE_MODULES = YES;
				CLANG_ENABLE_OBJC_ARC = YES;
				CLANG_WARN_BOOL_CONVERSION = YES;
				CLANG_WARN_CONSTANT_CONVERSION = YES;
				CLANG_WARN_DIRECT_OBJC_ISA_USAGE = YES_ERROR;
				CLANG_WARN_DOCUMENTATION_COMMENTS = YES;
				CLANG_WARN_EMPTY_BODY = YES;
				CLANG_WARN_ENUM_CONVERSION = YES;
				CLANG_WARN_INFINITE_RECURSION = YES;
				CLANG_WARN_INT_CONVERSION = YES;
				CLANG_WARN_OBJC_ROOT_CLASS = YES_ERROR;
				CLANG_WARN_SUSPICIOUS_MOVE = YES;
				CLANG_WARN_UNREACHABLE_CODE = YES;
				CLANG_WARN__DUPLICATE_METHOD_MATCH = YES;
				"CODE_SIGN_IDENTITY[sdk=iphoneos*]" = "iPhone Developer";
				COPY_PHASE_STRIP = NO;
				DEBUG_INFORMATION_FORMAT = "dwarf-with-dsym";
				ENABLE_NS_ASSERTIONS = NO;
				ENABLE_STRICT_OBJC_MSGSEND = YES;
				GCC_C_LANGUAGE_STANDARD = gnu99;
				GCC_NO_COMMON_BLOCKS = YES;
				GCC_WARN_64_TO_32_BIT_CONVERSION = YES;
				GCC_WARN_ABOUT_RETURN_TYPE = YES_ERROR;
				GCC_WARN_UNDECLARED_SELECTOR = YES;
				GCC_WARN_UNINITIALIZED_AUTOS = YES_AGGRESSIVE;
				GCC_WARN_UNUSED_FUNCTION = YES;
				GCC_WARN_UNUSED_VARIABLE = YES;
				IPHONEOS_DEPLOYMENT_TARGET = 10.3;
				MTL_ENABLE_DEBUG_INFO = NO;
				SDKROOT = iphoneos;
				SWIFT_OPTIMIZATION_LEVEL = "-Owholemodule";
				VALIDATE_PRODUCT = YES;
			};
			name = Release;
		};
		58FF36622019FA64000D57A6 /* Debug */ = {
			isa = XCBuildConfiguration;
			baseConfigurationReference = 94522D1FAECC538860523601 /* Pods-SunnyDay.debug.xcconfig */;
			buildSettings = {
				ASSETCATALOG_COMPILER_APPICON_NAME = AppIcon;
				DEVELOPMENT_TEAM = 8PB75F3VS7;
				INFOPLIST_FILE = SunnyDay/Info.plist;
				LD_RUNPATH_SEARCH_PATHS = "$(inherited) @executable_path/Frameworks";
				PRODUCT_BUNDLE_IDENTIFIER = com.achim.SunnyDay;
				PRODUCT_NAME = "$(TARGET_NAME)";
				SWIFT_VERSION = 3.0;
			};
			name = Debug;
		};
		58FF36632019FA64000D57A6 /* Release */ = {
			isa = XCBuildConfiguration;
			baseConfigurationReference = 31703C54D1A47E854D0A1E0A /* Pods-SunnyDay.release.xcconfig */;
			buildSettings = {
				ASSETCATALOG_COMPILER_APPICON_NAME = AppIcon;
				DEVELOPMENT_TEAM = 8PB75F3VS7;
				INFOPLIST_FILE = SunnyDay/Info.plist;
				LD_RUNPATH_SEARCH_PATHS = "$(inherited) @executable_path/Frameworks";
				PRODUCT_BUNDLE_IDENTIFIER = com.achim.SunnyDay;
				PRODUCT_NAME = "$(TARGET_NAME)";
				SWIFT_VERSION = 3.0;
			};
			name = Release;
		};
		58FF36652019FA64000D57A6 /* Debug */ = {
			isa = XCBuildConfiguration;
			buildSettings = {
				ALWAYS_EMBED_SWIFT_STANDARD_LIBRARIES = YES;
				BUNDLE_LOADER = "$(TEST_HOST)";
				DEVELOPMENT_TEAM = 8PB75F3VS7;
				INFOPLIST_FILE = SunnyDayTests/Info.plist;
				LD_RUNPATH_SEARCH_PATHS = "$(inherited) @executable_path/Frameworks @loader_path/Frameworks";
				PRODUCT_BUNDLE_IDENTIFIER = com.achim.SunnyDayTests;
				PRODUCT_NAME = "$(TARGET_NAME)";
				SWIFT_VERSION = 3.0;
				TEST_HOST = "$(BUILT_PRODUCTS_DIR)/SunnyDay.app/SunnyDay";
			};
			name = Debug;
		};
		58FF36662019FA64000D57A6 /* Release */ = {
			isa = XCBuildConfiguration;
			buildSettings = {
				ALWAYS_EMBED_SWIFT_STANDARD_LIBRARIES = YES;
				BUNDLE_LOADER = "$(TEST_HOST)";
				DEVELOPMENT_TEAM = 8PB75F3VS7;
				INFOPLIST_FILE = SunnyDayTests/Info.plist;
				LD_RUNPATH_SEARCH_PATHS = "$(inherited) @executable_path/Frameworks @loader_path/Frameworks";
				PRODUCT_BUNDLE_IDENTIFIER = com.achim.SunnyDayTests;
				PRODUCT_NAME = "$(TARGET_NAME)";
				SWIFT_VERSION = 3.0;
				TEST_HOST = "$(BUILT_PRODUCTS_DIR)/SunnyDay.app/SunnyDay";
			};
			name = Release;
		};
		58FF36682019FA64000D57A6 /* Debug */ = {
			isa = XCBuildConfiguration;
			buildSettings = {
				ALWAYS_EMBED_SWIFT_STANDARD_LIBRARIES = YES;
				DEVELOPMENT_TEAM = 8PB75F3VS7;
				INFOPLIST_FILE = SunnyDayUITests/Info.plist;
				LD_RUNPATH_SEARCH_PATHS = "$(inherited) @executable_path/Frameworks @loader_path/Frameworks";
				PRODUCT_BUNDLE_IDENTIFIER = com.achim.SunnyDayUITests;
				PRODUCT_NAME = "$(TARGET_NAME)";
				SWIFT_VERSION = 3.0;
				TEST_TARGET_NAME = SunnyDay;
			};
			name = Debug;
		};
		58FF36692019FA64000D57A6 /* Release */ = {
			isa = XCBuildConfiguration;
			buildSettings = {
				ALWAYS_EMBED_SWIFT_STANDARD_LIBRARIES = YES;
				DEVELOPMENT_TEAM = 8PB75F3VS7;
				INFOPLIST_FILE = SunnyDayUITests/Info.plist;
				LD_RUNPATH_SEARCH_PATHS = "$(inherited) @executable_path/Frameworks @loader_path/Frameworks";
				PRODUCT_BUNDLE_IDENTIFIER = com.achim.SunnyDayUITests;
				PRODUCT_NAME = "$(TARGET_NAME)";
				SWIFT_VERSION = 3.0;
				TEST_TARGET_NAME = SunnyDay;
			};
			name = Release;
		};
/* End XCBuildConfiguration section */

/* Begin XCConfigurationList section */
		58FF36342019FA63000D57A6 /* Build configuration list for PBXProject "SunnyDay" */ = {
			isa = XCConfigurationList;
			buildConfigurations = (
				58FF365F2019FA64000D57A6 /* Debug */,
				58FF36602019FA64000D57A6 /* Release */,
			);
			defaultConfigurationIsVisible = 0;
			defaultConfigurationName = Release;
		};
		58FF36612019FA64000D57A6 /* Build configuration list for PBXNativeTarget "SunnyDay" */ = {
			isa = XCConfigurationList;
			buildConfigurations = (
				58FF36622019FA64000D57A6 /* Debug */,
				58FF36632019FA64000D57A6 /* Release */,
			);
			defaultConfigurationIsVisible = 0;
			defaultConfigurationName = Release;
		};
		58FF36642019FA64000D57A6 /* Build configuration list for PBXNativeTarget "SunnyDayTests" */ = {
			isa = XCConfigurationList;
			buildConfigurations = (
				58FF36652019FA64000D57A6 /* Debug */,
				58FF36662019FA64000D57A6 /* Release */,
			);
			defaultConfigurationIsVisible = 0;
			defaultConfigurationName = Release;
		};
		58FF36672019FA64000D57A6 /* Build configuration list for PBXNativeTarget "SunnyDayUITests" */ = {
			isa = XCConfigurationList;
			buildConfigurations = (
				58FF36682019FA64000D57A6 /* Debug */,
				58FF36692019FA64000D57A6 /* Release */,
			);
			defaultConfigurationIsVisible = 0;
			defaultConfigurationName = Release;
		};
/* End XCConfigurationList section */
	};
	rootObject = 58FF36312019FA63000D57A6 /* Project object */;
}
